
Microsoft Visual Studio Solution File, Format Version 12.00
# Visual Studio Version 17
VisualStudioVersion = 17.10.35027.167
MinimumVisualStudioVersion = 10.0.40219.1
Project("{FAE04EC0-301F-11D3-BF4B-00C04F79EFBC}") = "pryPerez20250507", "pryPerez20250507.csproj", "{6F5F9D1D-2E7F-4C49-95CF-91F84B293F0F}"
EndProject
Global
	GlobalSection(SolutionConfigurationPlatforms) = preSolution
		Debug|Any CPU = Debug|Any CPU
		Release|Any CPU = Release|Any CPU
	EndGlobalSection
	GlobalSection(ProjectConfigurationPlatforms) = postSolution
		{6F5F9D1D-2E7F-4C49-95CF-91F84B293F0F}.Debug|Any CPU.ActiveCfg = Debug|Any CPU
		{6F5F9D1D-2E7F-4C49-95CF-91F84B293F0F}.Debug|Any CPU.Build.0 = Debug|Any CPU
		{6F5F9D1D-2E7F-4C49-95CF-91F84B293F0F}.Release|Any CPU.ActiveCfg = Release|Any CPU
		{6F5F9D1D-2E7F-4C49-95CF-91F84B293F0F}.Release|Any CPU.Build.0 = Release|Any CPU
	EndGlobalSection
	GlobalSection(SolutionProperties) = preSolution
		HideSolutionNode = FALSE
	EndGlobalSection
	GlobalSection(ExtensibilityGlobals) = postSolution
		SolutionGuid = {4A80EBCF-B0A9-4274-B636-70494022E90A}
	EndGlobalSection
EndGlobal
